
Microsoft Visual Studio Solution File, Format Version 12.00
# Visual Studio Version 17
VisualStudioVersion = 17.0.31903.59
MinimumVisualStudioVersion = 10.0.40219.1
Project("{2150E333-8FDC-42A3-9474-1A3956D46DE8}") = "misc", "misc", "{DCC1B9B8-A092-4153-B61A-CFFCB3BAF491}"
	ProjectSection(SolutionItems) = preProject
		Directiory.Build.props = Directiory.Build.props
		global.json = global.json
		LICENSE = LICENSE
		Hsm.ResourceDataObservation.Samples.sln = Hsm.ResourceDataObservation.Samples.sln
	EndProjectSection
EndProject
Project("{2150E333-8FDC-42A3-9474-1A3956D46DE8}") = "src", "src", "{B145569E-9000-42D0-82F3-7FD2910F69A1}"
EndProject
Project("{FAE04EC0-301F-11D3-BF4B-00C04F79EFBC}") = "DeviceForwarding.Queue", "src\DeviceForwarding.Queue\DeviceForwarding.Queue.csproj", "{D7DE8F23-ADBA-4A82-87CA-5F95B5678B1E}"
EndProject
Project("{FAE04EC0-301F-11D3-BF4B-00C04F79EFBC}") = "EventPublication.Queue", "src\EventPublication.Queue\EventPublication.Queue.csproj", "{C0460E80-54D6-4B57-B096-C232EE74AC63}"
EndProject
Global
	GlobalSection(SolutionConfigurationPlatforms) = preSolution
		Debug|Any CPU = Debug|Any CPU
		Release|Any CPU = Release|Any CPU
	EndGlobalSection
	GlobalSection(SolutionProperties) = preSolution
		HideSolutionNode = FALSE
	EndGlobalSection
	GlobalSection(NestedProjects) = preSolution
		{D7DE8F23-ADBA-4A82-87CA-5F95B5678B1E} = {B145569E-9000-42D0-82F3-7FD2910F69A1}
		{C0460E80-54D6-4B57-B096-C232EE74AC63} = {B145569E-9000-42D0-82F3-7FD2910F69A1}
	EndGlobalSection
	GlobalSection(ProjectConfigurationPlatforms) = postSolution
		{D7DE8F23-ADBA-4A82-87CA-5F95B5678B1E}.Debug|Any CPU.ActiveCfg = Debug|Any CPU
		{D7DE8F23-ADBA-4A82-87CA-5F95B5678B1E}.Debug|Any CPU.Build.0 = Debug|Any CPU
		{D7DE8F23-ADBA-4A82-87CA-5F95B5678B1E}.Release|Any CPU.ActiveCfg = Release|Any CPU
		{D7DE8F23-ADBA-4A82-87CA-5F95B5678B1E}.Release|Any CPU.Build.0 = Release|Any CPU
		{C0460E80-54D6-4B57-B096-C232EE74AC63}.Debug|Any CPU.ActiveCfg = Debug|Any CPU
		{C0460E80-54D6-4B57-B096-C232EE74AC63}.Debug|Any CPU.Build.0 = Debug|Any CPU
		{C0460E80-54D6-4B57-B096-C232EE74AC63}.Release|Any CPU.ActiveCfg = Release|Any CPU
		{C0460E80-54D6-4B57-B096-C232EE74AC63}.Release|Any CPU.Build.0 = Release|Any CPU
	EndGlobalSection
EndGlobal
